
Microsoft Visual Studio Solution File, Format Version 12.00
# Visual Studio Version 16
VisualStudioVersion = 16.0.31702.278
MinimumVisualStudioVersion = 10.0.40219.1
Project("{9A19103F-16F7-4668-BE54-9A1E7A4F7556}") = "Rubicards22", "Rubicards22\Rubicards22.csproj", "{CF13EA77-7CAC-4E1B-85F5-3A2C879169FC}"
EndProject
Global
	GlobalSection(SolutionConfigurationPlatforms) = preSolution
		Debug|Any CPU = Debug|Any CPU
		Release|Any CPU = Release|Any CPU
	EndGlobalSection
	GlobalSection(ProjectConfigurationPlatforms) = postSolution
		{CF13EA77-7CAC-4E1B-85F5-3A2C879169FC}.Debug|Any CPU.ActiveCfg = Debug|Any CPU
		{CF13EA77-7CAC-4E1B-85F5-3A2C879169FC}.Debug|Any CPU.Build.0 = Debug|Any CPU
		{CF13EA77-7CAC-4E1B-85F5-3A2C879169FC}.Release|Any CPU.ActiveCfg = Release|Any CPU
		{CF13EA77-7CAC-4E1B-85F5-3A2C879169FC}.Release|Any CPU.Build.0 = Release|Any CPU
	EndGlobalSection
	GlobalSection(SolutionProperties) = preSolution
		HideSolutionNode = FALSE
	EndGlobalSection
	GlobalSection(ExtensibilityGlobals) = postSolution
		SolutionGuid = {5E1E9D79-FF80-438A-9EF0-4CCEDCF74360}
	EndGlobalSection
EndGlobal
